// !$*UTF8*$!
{
	archiveVersion = 1;
	classes = {
	};
	objectVersion = 56;
	objects = {

/* Begin PBXBuildFile section */
		1A2B3C4D5E6F700000000001 /* RewritrApp.swift in Sources */ = {isa = PBXBuildFile; fileRef = 1A2B3C4D5E6F700000000011 /* RewritrApp.swift */; };
		1A2B3C4D5E6F700000000003 /* RewritrTests.swift in Sources */ = {isa = PBXBuildFile; fileRef = 1A2B3C4D5E6F700000000013 /* RewritrTests.swift */; };
		1A2B3C4D5E6F700000000039 /* MenuBarApp.swift in Sources */ = {isa = PBXBuildFile; fileRef = 1A2B3C4D5E6F70000000003A /* MenuBarApp.swift */; };
		1A2B3C4D5E6F70000000003B /* AppModels.swift in Sources */ = {isa = PBXBuildFile; fileRef = 1A2B3C4D5E6F700000000040 /* AppModels.swift */; };
		1A2B3C4D5E6F70000000003C /* KeychainStore.swift in Sources */ = {isa = PBXBuildFile; fileRef = 1A2B3C4D5E6F700000000041 /* KeychainStore.swift */; };
		1A2B3C4D5E6F70000000003D /* ProviderClient.swift in Sources */ = {isa = PBXBuildFile; fileRef = 1A2B3C4D5E6F700000000042 /* ProviderClient.swift */; };
		1A2B3C4D5E6F70000000003E /* SettingsStore.swift in Sources */ = {isa = PBXBuildFile; fileRef = 1A2B3C4D5E6F700000000043 /* SettingsStore.swift */; };
		1A2B3C4D5E6F70000000003F /* SettingsView.swift in Sources */ = {isa = PBXBuildFile; fileRef = 1A2B3C4D5E6F700000000044 /* SettingsView.swift */; };
		1A2B3C4D5E6F700000000045 /* ClipboardAutomator.swift in Sources */ = {isa = PBXBuildFile; fileRef = 1A2B3C4D5E6F700000000048 /* ClipboardAutomator.swift */; };
		1A2B3C4D5E6F700000000046 /* GlobalShortcutController.swift in Sources */ = {isa = PBXBuildFile; fileRef = 1A2B3C4D5E6F700000000049 /* GlobalShortcutController.swift */; };
		1A2B3C4D5E6F700000000047 /* RewriteCoordinator.swift in Sources */ = {isa = PBXBuildFile; fileRef = 1A2B3C4D5E6F70000000004A /* RewriteCoordinator.swift */; };
		1A2B3C4D5E6F70000000004B /* RewriteService.swift in Sources */ = {isa = PBXBuildFile; fileRef = 1A2B3C4D5E6F70000000004C /* RewriteService.swift */; };
		1A2B3C4D5E6F70000000004D /* RewritePreview.swift in Sources */ = {isa = PBXBuildFile; fileRef = 1A2B3C4D5E6F70000000004E /* RewritePreview.swift */; };
		1A2B3C4D5E6F70000000004F /* ProductCopy.swift in Sources */ = {isa = PBXBuildFile; fileRef = 1A2B3C4D5E6F700000000051 /* ProductCopy.swift */; };
		1A2B3C4D5E6F700000000050 /* OnboardingView.swift in Sources */ = {isa = PBXBuildFile; fileRef = 1A2B3C4D5E6F700000000052 /* OnboardingView.swift */; };
/* End PBXBuildFile section */

/* Begin PBXContainerItemProxy section */
		1A2B3C4D5E6F700000000004 /* PBXContainerItemProxy */ = {
			isa = PBXContainerItemProxy;
			containerPortal = 1A2B3C4D5E6F700000000020 /* Project object */;
			proxyType = 1;
			remoteGlobalIDString = 1A2B3C4D5E6F700000000021;
			remoteInfo = Rewritr;
		};
/* End PBXContainerItemProxy section */

/* Begin PBXFileReference section */
		1A2B3C4D5E6F700000000005 /* Rewritr.app */ = {isa = PBXFileReference; explicitFileType = wrapper.application; includeInIndex = 0; path = Rewritr.app; sourceTree = BUILT_PRODUCTS_DIR; };
		1A2B3C4D5E6F700000000006 /* RewritrTests.xctest */ = {isa = PBXFileReference; explicitFileType = wrapper.cfbundle; includeInIndex = 0; path = RewritrTests.xctest; sourceTree = BUILT_PRODUCTS_DIR; };
		1A2B3C4D5E6F700000000011 /* RewritrApp.swift */ = {isa = PBXFileReference; lastKnownFileType = sourcecode.swift; path = RewritrApp.swift; sourceTree = "<group>"; };
		1A2B3C4D5E6F700000000013 /* RewritrTests.swift */ = {isa = PBXFileReference; lastKnownFileType = sourcecode.swift; path = RewritrTests.swift; sourceTree = "<group>"; };
		1A2B3C4D5E6F700000000014 /* Info.plist */ = {isa = PBXFileReference; lastKnownFileType = text.plist.xml; path = Info.plist; sourceTree = "<group>"; };
		1A2B3C4D5E6F70000000003A /* MenuBarApp.swift */ = {isa = PBXFileReference; lastKnownFileType = sourcecode.swift; path = MenuBarApp.swift; sourceTree = "<group>"; };
		1A2B3C4D5E6F700000000040 /* AppModels.swift */ = {isa = PBXFileReference; lastKnownFileType = sourcecode.swift; path = AppModels.swift; sourceTree = "<group>"; };
		1A2B3C4D5E6F700000000041 /* KeychainStore.swift */ = {isa = PBXFileReference; lastKnownFileType = sourcecode.swift; path = KeychainStore.swift; sourceTree = "<group>"; };
		1A2B3C4D5E6F700000000042 /* ProviderClient.swift */ = {isa = PBXFileReference; lastKnownFileType = sourcecode.swift; path = ProviderClient.swift; sourceTree = "<group>"; };
		1A2B3C4D5E6F700000000043 /* SettingsStore.swift */ = {isa = PBXFileReference; lastKnownFileType = sourcecode.swift; path = SettingsStore.swift; sourceTree = "<group>"; };
		1A2B3C4D5E6F700000000044 /* SettingsView.swift */ = {isa = PBXFileReference; lastKnownFileType = sourcecode.swift; path = SettingsView.swift; sourceTree = "<group>"; };
		1A2B3C4D5E6F700000000048 /* ClipboardAutomator.swift */ = {isa = PBXFileReference; lastKnownFileType = sourcecode.swift; path = ClipboardAutomator.swift; sourceTree = "<group>"; };
		1A2B3C4D5E6F700000000049 /* GlobalShortcutController.swift */ = {isa = PBXFileReference; lastKnownFileType = sourcecode.swift; path = GlobalShortcutController.swift; sourceTree = "<group>"; };
		1A2B3C4D5E6F70000000004A /* RewriteCoordinator.swift */ = {isa = PBXFileReference; lastKnownFileType = sourcecode.swift; path = RewriteCoordinator.swift; sourceTree = "<group>"; };
		1A2B3C4D5E6F70000000004C /* RewriteService.swift */ = {isa = PBXFileReference; lastKnownFileType = sourcecode.swift; path = RewriteService.swift; sourceTree = "<group>"; };
		1A2B3C4D5E6F70000000004E /* RewritePreview.swift */ = {isa = PBXFileReference; lastKnownFileType = sourcecode.swift; path = RewritePreview.swift; sourceTree = "<group>"; };
		1A2B3C4D5E6F700000000051 /* ProductCopy.swift */ = {isa = PBXFileReference; lastKnownFileType = sourcecode.swift; path = ProductCopy.swift; sourceTree = "<group>"; };
		1A2B3C4D5E6F700000000052 /* OnboardingView.swift */ = {isa = PBXFileReference; lastKnownFileType = sourcecode.swift; path = OnboardingView.swift; sourceTree = "<group>"; };
/* End PBXFileReference section */

/* Begin PBXFrameworksBuildPhase section */
		1A2B3C4D5E6F700000000015 /* Frameworks */ = {
			isa = PBXFrameworksBuildPhase;
			buildActionMask = 2147483647;
			files = (
			);
			runOnlyForDeploymentPostprocessing = 0;
		};
		1A2B3C4D5E6F700000000016 /* Frameworks */ = {
			isa = PBXFrameworksBuildPhase;
			buildActionMask = 2147483647;
			files = (
			);
			runOnlyForDeploymentPostprocessing = 0;
		};
/* End PBXFrameworksBuildPhase section */

/* Begin PBXGroup section */
		1A2B3C4D5E6F700000000017 = {
			isa = PBXGroup;
			children = (
				1A2B3C4D5E6F700000000018 /* Rewritr */,
				1A2B3C4D5E6F700000000019 /* RewritrTests */,
				1A2B3C4D5E6F70000000001A /* Products */,
			);
			sourceTree = "<group>";
		};
		1A2B3C4D5E6F700000000018 /* Rewritr */ = {
			isa = PBXGroup;
			children = (
				1A2B3C4D5E6F700000000011 /* RewritrApp.swift */,
				1A2B3C4D5E6F70000000003A /* MenuBarApp.swift */,
				1A2B3C4D5E6F700000000040 /* AppModels.swift */,
				1A2B3C4D5E6F700000000041 /* KeychainStore.swift */,
				1A2B3C4D5E6F700000000042 /* ProviderClient.swift */,
				1A2B3C4D5E6F700000000043 /* SettingsStore.swift */,
				1A2B3C4D5E6F700000000044 /* SettingsView.swift */,
				1A2B3C4D5E6F700000000048 /* ClipboardAutomator.swift */,
				1A2B3C4D5E6F700000000049 /* GlobalShortcutController.swift */,
				1A2B3C4D5E6F70000000004A /* RewriteCoordinator.swift */,
				1A2B3C4D5E6F70000000004C /* RewriteService.swift */,
				1A2B3C4D5E6F70000000004E /* RewritePreview.swift */,
				1A2B3C4D5E6F700000000051 /* ProductCopy.swift */,
				1A2B3C4D5E6F700000000052 /* OnboardingView.swift */,
				1A2B3C4D5E6F700000000014 /* Info.plist */,
			);
			path = Rewritr;
			sourceTree = "<group>";
		};
		1A2B3C4D5E6F700000000019 /* RewritrTests */ = {
			isa = PBXGroup;
			children = (
				1A2B3C4D5E6F700000000013 /* RewritrTests.swift */,
			);
			path = RewritrTests;
			sourceTree = "<group>";
		};
		1A2B3C4D5E6F70000000001A /* Products */ = {
			isa = PBXGroup;
			children = (
				1A2B3C4D5E6F700000000005 /* Rewritr.app */,
				1A2B3C4D5E6F700000000006 /* RewritrTests.xctest */,
			);
			name = Products;
			sourceTree = "<group>";
		};
/* End PBXGroup section */

/* Begin PBXNativeTarget section */
		1A2B3C4D5E6F700000000021 /* Rewritr */ = {
			isa = PBXNativeTarget;
			buildConfigurationList = 1A2B3C4D5E6F700000000030 /* Build configuration list for PBXNativeTarget "Rewritr" */;
			buildPhases = (
				1A2B3C4D5E6F700000000022 /* Sources */,
				1A2B3C4D5E6F700000000015 /* Frameworks */,
				1A2B3C4D5E6F700000000023 /* Resources */,
			);
			buildRules = (
			);
			dependencies = (
			);
			name = Rewritr;
			productName = Rewritr;
			productReference = 1A2B3C4D5E6F700000000005 /* Rewritr.app */;
			productType = "com.apple.product-type.application";
		};
		1A2B3C4D5E6F700000000024 /* RewritrTests */ = {
			isa = PBXNativeTarget;
			buildConfigurationList = 1A2B3C4D5E6F700000000031 /* Build configuration list for PBXNativeTarget "RewritrTests" */;
			buildPhases = (
				1A2B3C4D5E6F700000000025 /* Sources */,
				1A2B3C4D5E6F700000000016 /* Frameworks */,
				1A2B3C4D5E6F700000000026 /* Resources */,
			);
			buildRules = (
			);
			dependencies = (
				1A2B3C4D5E6F700000000027 /* PBXTargetDependency */,
			);
			name = RewritrTests;
			productName = RewritrTests;
			productReference = 1A2B3C4D5E6F700000000006 /* RewritrTests.xctest */;
			productType = "com.apple.product-type.bundle.unit-test";
		};
/* End PBXNativeTarget section */

/* Begin PBXProject section */
		1A2B3C4D5E6F700000000020 /* Project object */ = {
			isa = PBXProject;
			attributes = {
				BuildIndependentTargetsInParallel = 1;
				LastSwiftUpdateCheck = 2660;
				LastUpgradeCheck = 2660;
				TargetAttributes = {
					1A2B3C4D5E6F700000000021 = {
						CreatedOnToolsVersion = 26.6;
					};
					1A2B3C4D5E6F700000000024 = {
						CreatedOnToolsVersion = 26.6;
						TestTargetID = 1A2B3C4D5E6F700000000021;
					};
				};
			};
			buildConfigurationList = 1A2B3C4D5E6F700000000032 /* Build configuration list for PBXProject "Rewritr" */;
			compatibilityVersion = "Xcode 14.0";
			developmentRegion = en;
			hasScannedForEncodings = 0;
			knownRegions = (
				en,
				Base,
			);
			mainGroup = 1A2B3C4D5E6F700000000017;
			productRefGroup = 1A2B3C4D5E6F70000000001A /* Products */;
			projectDirPath = "";
			projectRoot = "";
			targets = (
				1A2B3C4D5E6F700000000021 /* Rewritr */,
				1A2B3C4D5E6F700000000024 /* RewritrTests */,
			);
		};
/* End PBXProject section */

/* Begin PBXResourcesBuildPhase section */
		1A2B3C4D5E6F700000000023 /* Resources */ = {
			isa = PBXResourcesBuildPhase;
			buildActionMask = 2147483647;
			files = (
			);
			runOnlyForDeploymentPostprocessing = 0;
		};
		1A2B3C4D5E6F700000000026 /* Resources */ = {
			isa = PBXResourcesBuildPhase;
			buildActionMask = 2147483647;
			files = (
			);
			runOnlyForDeploymentPostprocessing = 0;
		};
/* End PBXResourcesBuildPhase section */

/* Begin PBXSourcesBuildPhase section */
		1A2B3C4D5E6F700000000022 /* Sources */ = {
			isa = PBXSourcesBuildPhase;
			buildActionMask = 2147483647;
			files = (
				1A2B3C4D5E6F700000000001 /* RewritrApp.swift in Sources */,
				1A2B3C4D5E6F700000000039 /* MenuBarApp.swift in Sources */,
				1A2B3C4D5E6F70000000003B /* AppModels.swift in Sources */,
				1A2B3C4D5E6F70000000003C /* KeychainStore.swift in Sources */,
				1A2B3C4D5E6F70000000003D /* ProviderClient.swift in Sources */,
				1A2B3C4D5E6F70000000003E /* SettingsStore.swift in Sources */,
				1A2B3C4D5E6F70000000003F /* SettingsView.swift in Sources */,
				1A2B3C4D5E6F700000000045 /* ClipboardAutomator.swift in Sources */,
				1A2B3C4D5E6F700000000046 /* GlobalShortcutController.swift in Sources */,
				1A2B3C4D5E6F700000000047 /* RewriteCoordinator.swift in Sources */,
				1A2B3C4D5E6F70000000004B /* RewriteService.swift in Sources */,
				1A2B3C4D5E6F70000000004D /* RewritePreview.swift in Sources */,
				1A2B3C4D5E6F70000000004F /* ProductCopy.swift in Sources */,
				1A2B3C4D5E6F700000000050 /* OnboardingView.swift in Sources */,
			);
			runOnlyForDeploymentPostprocessing = 0;
		};
		1A2B3C4D5E6F700000000025 /* Sources */ = {
			isa = PBXSourcesBuildPhase;
			buildActionMask = 2147483647;
			files = (
				1A2B3C4D5E6F700000000003 /* RewritrTests.swift in Sources */,
			);
			runOnlyForDeploymentPostprocessing = 0;
		};
/* End PBXSourcesBuildPhase section */

/* Begin PBXTargetDependency section */
		1A2B3C4D5E6F700000000027 /* PBXTargetDependency */ = {
			isa = PBXTargetDependency;
			target = 1A2B3C4D5E6F700000000021 /* Rewritr */;
			targetProxy = 1A2B3C4D5E6F700000000004 /* PBXContainerItemProxy */;
		};
/* End PBXTargetDependency section */

/* Begin XCBuildConfiguration section */
		1A2B3C4D5E6F700000000033 /* Debug */ = {
			isa = XCBuildConfiguration;
			buildSettings = {
				ALWAYS_SEARCH_USER_PATHS = NO;
				CLANG_ANALYZER_NONNULL = YES;
				CLANG_ANALYZER_NUMBER_OBJECT_CONVERSION = YES_AGGRESSIVE;
				CLANG_CXX_LANGUAGE_STANDARD = "gnu++20";
				CLANG_ENABLE_MODULES = YES;
				CLANG_ENABLE_OBJC_ARC = YES;
				CLANG_ENABLE_OBJC_WEAK = YES;
				CLANG_WARN_BLOCK_CAPTURE_AUTORELEASING = YES;
				CLANG_WARN_BOOL_CONVERSION = YES;
				CLANG_WARN_COMMA = YES;
				CLANG_WARN_CONSTANT_CONVERSION = YES;
				CLANG_WARN_DEPRECATED_OBJC_IMPLEMENTATIONS = YES;
				CLANG_WARN_DIRECT_OBJC_ISA_USAGE = YES_ERROR;
				CLANG_WARN_DOCUMENTATION_COMMENTS = YES;
				CLANG_WARN_EMPTY_BODY = YES;
				CLANG_WARN_ENUM_CONVERSION = YES;
				CLANG_WARN_INFINITE_RECURSION = YES;
				CLANG_WARN_INT_CONVERSION = YES;
				CLANG_WARN_NON_LITERAL_NULL_CONVERSION = YES;
				CLANG_WARN_OBJC_IMPLICIT_RETAIN_SELF = YES;
				CLANG_WARN_OBJC_LITERAL_CONVERSION = YES;
				CLANG_WARN_OBJC_ROOT_CLASS = YES_ERROR;
				CLANG_WARN_QUOTED_INCLUDE_IN_FRAMEWORK_HEADER = YES;
				CLANG_WARN_RANGE_LOOP_ANALYSIS = YES;
				CLANG_WARN_STRICT_PROTOTYPES = YES;
				CLANG_WARN_SUSPICIOUS_MOVE = YES;
				CLANG_WARN_UNGUARDED_AVAILABILITY = YES_AGGRESSIVE;
				CLANG_WARN_UNREACHABLE_CODE = YES;
				CLANG_WARN__DUPLICATE_METHOD_MATCH = YES;
				COPY_PHASE_STRIP = NO;
				DEBUG_INFORMATION_FORMAT = dwarf;
				ENABLE_STRICT_OBJC_MSGSEND = YES;
				ENABLE_TESTABILITY = YES;
				ENABLE_USER_SCRIPT_SANDBOXING = YES;
				GCC_C_LANGUAGE_STANDARD = gnu17;
				GCC_DYNAMIC_NO_PIC = NO;
				GCC_NO_COMMON_BLOCKS = YES;
				GCC_OPTIMIZATION_LEVEL = 0;
				GCC_PREPROCESSOR_DEFINITIONS = (
					"DEBUG=1",
					"$(inherited)",
				);
				GCC_WARN_64_TO_32_BIT_CONVERSION = YES;
				GCC_WARN_ABOUT_RETURN_TYPE = YES_ERROR;
				GCC_WARN_UNDECLARED_SELECTOR = YES;
				GCC_WARN_UNINITIALIZED_AUTOS = YES_AGGRESSIVE;
				GCC_WARN_UNUSED_FUNCTION = YES;
				GCC_WARN_UNUSED_VARIABLE = YES;
				MACOSX_DEPLOYMENT_TARGET = 15.0;
				MTL_ENABLE_DEBUG_INFO = INCLUDE_SOURCE;
				MTL_FAST_MATH = YES;
				ONLY_ACTIVE_ARCH = YES;
				SDKROOT = macosx;
				SWIFT_ACTIVE_COMPILATION_CONDITIONS = DEBUG;
				SWIFT_OPTIMIZATION_LEVEL = "-Onone";
			};
			name = Debug;
		};
		1A2B3C4D5E6F700000000034 /* Release */ = {
			isa = XCBuildConfiguration;
			buildSettings = {
				ALWAYS_SEARCH_USER_PATHS = NO;
				CLANG_ANALYZER_NONNULL = YES;
				CLANG_ANALYZER_NUMBER_OBJECT_CONVERSION = YES_AGGRESSIVE;
				CLANG_CXX_LANGUAGE_STANDARD = "gnu++20";
				CLANG_ENABLE_MODULES = YES;
				CLANG_ENABLE_OBJC_ARC = YES;
				CLANG_ENABLE_OBJC_WEAK = YES;
				CLANG_WARN_BLOCK_CAPTURE_AUTORELEASING = YES;
				CLANG_WARN_BOOL_CONVERSION = YES;
				CLANG_WARN_COMMA = YES;
				CLANG_WARN_CONSTANT_CONVERSION = YES;
				CLANG_WARN_DEPRECATED_OBJC_IMPLEMENTATIONS = YES;
				CLANG_WARN_DIRECT_OBJC_ISA_USAGE = YES_ERROR;
				CLANG_WARN_DOCUMENTATION_COMMENTS = YES;
				CLANG_WARN_EMPTY_BODY = YES;
				CLANG_WARN_ENUM_CONVERSION = YES;
				CLANG_WARN_INFINITE_RECURSION = YES;
				CLANG_WARN_INT_CONVERSION = YES;
				CLANG_WARN_NON_LITERAL_NULL_CONVERSION = YES;
				CLANG_WARN_OBJC_IMPLICIT_RETAIN_SELF = YES;
				CLANG_WARN_OBJC_LITERAL_CONVERSION = YES;
				CLANG_WARN_OBJC_ROOT_CLASS = YES_ERROR;
				CLANG_WARN_QUOTED_INCLUDE_IN_FRAMEWORK_HEADER = YES;
				CLANG_WARN_RANGE_LOOP_ANALYSIS = YES;
				CLANG_WARN_STRICT_PROTOTYPES = YES;
				CLANG_WARN_SUSPICIOUS_MOVE = YES;
				CLANG_WARN_UNGUARDED_AVAILABILITY = YES_AGGRESSIVE;
				CLANG_WARN_UNREACHABLE_CODE = YES;
				CLANG_WARN__DUPLICATE_METHOD_MATCH = YES;
				COPY_PHASE_STRIP = NO;
				DEBUG_INFORMATION_FORMAT = "dwarf-with-dsym";
				ENABLE_NS_ASSERTIONS = NO;
				ENABLE_STRICT_OBJC_MSGSEND = YES;
				ENABLE_USER_SCRIPT_SANDBOXING = YES;
				GCC_C_LANGUAGE_STANDARD = gnu17;
				GCC_NO_COMMON_BLOCKS = YES;
				GCC_WARN_64_TO_32_BIT_CONVERSION = YES;
				GCC_WARN_ABOUT_RETURN_TYPE = YES_ERROR;
				GCC_WARN_UNDECLARED_SELECTOR = YES;
				GCC_WARN_UNINITIALIZED_AUTOS = YES_AGGRESSIVE;
				GCC_WARN_UNUSED_FUNCTION = YES;
				GCC_WARN_UNUSED_VARIABLE = YES;
				MACOSX_DEPLOYMENT_TARGET = 15.0;
				MTL_ENABLE_DEBUG_INFO = NO;
				MTL_FAST_MATH = YES;
				SDKROOT = macosx;
				SWIFT_COMPILATION_MODE = wholemodule;
			};
			name = Release;
		};
		1A2B3C4D5E6F700000000035 /* Debug */ = {
			isa = XCBuildConfiguration;
			buildSettings = {
				ASSETCATALOG_COMPILER_APPICON_NAME = AppIcon;
				CODE_SIGN_STYLE = Automatic;
				COMBINE_HIDPI_IMAGES = YES;
				ENABLE_APP_SANDBOX = NO;
				INFOPLIST_FILE = Rewritr/Info.plist;
				LD_RUNPATH_SEARCH_PATHS = (
					"$(inherited)",
					"@executable_path/../Frameworks",
				);
				MACOSX_DEPLOYMENT_TARGET = 15.0;
				MARKETING_VERSION = 1.0;
				PRODUCT_BUNDLE_IDENTIFIER = space.lifeplayer.rewritr;
				PRODUCT_NAME = Rewritr;
				SWIFT_EMIT_LOC_STRINGS = YES;
				SWIFT_VERSION = 6.0;
			};
			name = Debug;
		};
		1A2B3C4D5E6F700000000036 /* Release */ = {
			isa = XCBuildConfiguration;
			buildSettings = {
				ASSETCATALOG_COMPILER_APPICON_NAME = AppIcon;
				CODE_SIGN_STYLE = Automatic;
				COMBINE_HIDPI_IMAGES = YES;
				ENABLE_APP_SANDBOX = NO;
				INFOPLIST_FILE = Rewritr/Info.plist;
				LD_RUNPATH_SEARCH_PATHS = (
					"$(inherited)",
					"@executable_path/../Frameworks",
				);
				MACOSX_DEPLOYMENT_TARGET = 15.0;
				MARKETING_VERSION = 1.0;
				PRODUCT_BUNDLE_IDENTIFIER = space.lifeplayer.rewritr;
				PRODUCT_NAME = Rewritr;
				SWIFT_EMIT_LOC_STRINGS = YES;
				SWIFT_VERSION = 6.0;
			};
			name = Release;
		};
		1A2B3C4D5E6F700000000037 /* Debug */ = {
			isa = XCBuildConfiguration;
			buildSettings = {
				CODE_SIGN_STYLE = Automatic;
				GENERATE_INFOPLIST_FILE = YES;
				BUNDLE_LOADER = "$(TEST_HOST)";
				MACOSX_DEPLOYMENT_TARGET = 15.0;
				PRODUCT_BUNDLE_IDENTIFIER = space.lifeplayer.rewritr.tests;
				PRODUCT_NAME = "$(TARGET_NAME)";
				SWIFT_VERSION = 6.0;
				TEST_HOST = "$(BUILT_PRODUCTS_DIR)/Rewritr.app/Contents/MacOS/Rewritr";
			};
			name = Debug;
		};
		1A2B3C4D5E6F700000000038 /* Release */ = {
			isa = XCBuildConfiguration;
			buildSettings = {
				CODE_SIGN_STYLE = Automatic;
				GENERATE_INFOPLIST_FILE = YES;
				BUNDLE_LOADER = "$(TEST_HOST)";
				MACOSX_DEPLOYMENT_TARGET = 15.0;
				PRODUCT_BUNDLE_IDENTIFIER = space.lifeplayer.rewritr.tests;
				PRODUCT_NAME = "$(TARGET_NAME)";
				SWIFT_VERSION = 6.0;
				TEST_HOST = "$(BUILT_PRODUCTS_DIR)/Rewritr.app/Contents/MacOS/Rewritr";
			};
			name = Release;
		};
/* End XCBuildConfiguration section */

/* Begin XCConfigurationList section */
		1A2B3C4D5E6F700000000030 /* Build configuration list for PBXNativeTarget "Rewritr" */ = {
			isa = XCConfigurationList;
			buildConfigurations = (
				1A2B3C4D5E6F700000000035 /* Debug */,
				1A2B3C4D5E6F700000000036 /* Release */,
			);
			defaultConfigurationIsVisible = 0;
			defaultConfigurationName = Release;
		};
		1A2B3C4D5E6F700000000031 /* Build configuration list for PBXNativeTarget "RewritrTests" */ = {
			isa = XCConfigurationList;
			buildConfigurations = (
				1A2B3C4D5E6F700000000037 /* Debug */,
				1A2B3C4D5E6F700000000038 /* Release */,
			);
			defaultConfigurationIsVisible = 0;
			defaultConfigurationName = Release;
		};
		1A2B3C4D5E6F700000000032 /* Build configuration list for PBXProject "Rewritr" */ = {
			isa = XCConfigurationList;
			buildConfigurations = (
				1A2B3C4D5E6F700000000033 /* Debug */,
				1A2B3C4D5E6F700000000034 /* Release */,
			);
			defaultConfigurationIsVisible = 0;
			defaultConfigurationName = Release;
		};
/* End XCConfigurationList section */
	};
	rootObject = 1A2B3C4D5E6F700000000020 /* Project object */;
}
